Microsoft Visual Studio Solution File, Format Version 9.00
# Visual Studio 2005
Project("{8BC9CEB8-8B4A-11D0-8D11-00A0C91BC942}") = "PACKAGE", "PACKAGE.vcproj", "{BD6CE560-0046-3629-8B47-D38EC64ED0C5}"
EndProject
Project("{8BC9CEB8-8B4A-11D0-8D11-00A0C91BC942}") = "dxfrw", "extlib\libdxfrw\dxfrw.vcproj", "{6B4CDF2C-52AA-339D-8FE3-CE84B522FFE3}"
EndProject
Project("{8BC9CEB8-8B4A-11D0-8D11-00A0C91BC942}") = "freetype", "extlib\libfreetype\freetype.vcproj", "{3E73FC3A-9EFD-3878-8EC3-877669CD2128}"
EndProject
Project("{8BC9CEB8-8B4A-11D0-8D11-00A0C91BC942}") = "lff2c", "tools\lff2c.vcproj", "{25746C2C-77E1-30C7-9721-36E6489B9C82}"
	ProjectSection(ProjectDependencies) = postProject
		{407BFE75-6AB4-3765-9101-A2CA8F5960F5} = {407BFE75-6AB4-3765-9101-A2CA8F5960F5}
	EndProjectSection
EndProject
Project("{8BC9CEB8-8B4A-11D0-8D11-00A0C91BC942}") = "png2c", "tools\png2c.vcproj", "{F6960170-3343-35E5-A038-C989B5CAD738}"
	ProjectSection(ProjectDependencies) = postProject
		{407BFE75-6AB4-3765-9101-A2CA8F5960F5} = {407BFE75-6AB4-3765-9101-A2CA8F5960F5}
	EndProjectSection
EndProject
Project("{8BC9CEB8-8B4A-11D0-8D11-00A0C91BC942}") = "solvespace", "src\solvespace.vcproj", "{F54F9037-60C4-3E9D-93E2-58D87C816A25}"
	ProjectSection(ProjectDependencies) = postProject
		{25746C2C-77E1-30C7-9721-36E6489B9C82} = {25746C2C-77E1-30C7-9721-36E6489B9C82}
		{6B4CDF2C-52AA-339D-8FE3-CE84B522FFE3} = {6B4CDF2C-52AA-339D-8FE3-CE84B522FFE3}
		{3E73FC3A-9EFD-3878-8EC3-877669CD2128} = {3E73FC3A-9EFD-3878-8EC3-877669CD2128}
		{CD9F1759-7EA7-33F7-ACCA-5D2F8CB91FDB} = {CD9F1759-7EA7-33F7-ACCA-5D2F8CB91FDB}
		{F6960170-3343-35E5-A038-C989B5CAD738} = {F6960170-3343-35E5-A038-C989B5CAD738}
		{407BFE75-6AB4-3765-9101-A2CA8F5960F5} = {407BFE75-6AB4-3765-9101-A2CA8F5960F5}
	EndProjectSection
EndProject
Project("{8BC9CEB8-8B4A-11D0-8D11-00A0C91BC942}") = "unifont2c", "tools\unifont2c.vcproj", "{CD9F1759-7EA7-33F7-ACCA-5D2F8CB91FDB}"
	ProjectSection(ProjectDependencies) = postProject
		{407BFE75-6AB4-3765-9101-A2CA8F5960F5} = {407BFE75-6AB4-3765-9101-A2CA8F5960F5}
	EndProjectSection
EndProject
Project("{8BC9CEB8-8B4A-11D0-8D11-00A0C91BC942}") = "zlibstatic", "extlib\zlib\zlibstatic.vcproj", "{407BFE75-6AB4-3765-9101-A2CA8F5960F5}"
EndProject
Global
	GlobalSection(SolutionConfigurationPlatforms) = preSolution
		Debug|Win32 = Debug|Win32
		MinSizeRel|Win32 = MinSizeRel|Win32
		Release|Win32 = Release|Win32
		RelWithDebInfo|Win32 = RelWithDebInfo|Win32
	EndGlobalSection
	GlobalSection(ProjectConfigurationPlatforms) = postSolution
		{BD6CE560-0046-3629-8B47-D38EC64ED0C5}.Debug|Win32.ActiveCfg = Debug|Win32
		{BD6CE560-0046-3629-8B47-D38EC64ED0C5}.MinSizeRel|Win32.ActiveCfg = MinSizeRel|Win32
		{BD6CE560-0046-3629-8B47-D38EC64ED0C5}.Release|Win32.ActiveCfg = Release|Win32
		{BD6CE560-0046-3629-8B47-D38EC64ED0C5}.RelWithDebInfo|Win32.ActiveCfg = RelWithDebInfo|Win32
		{6B4CDF2C-52AA-339D-8FE3-CE84B522FFE3}.Debug|Win32.ActiveCfg = Debug|Win32
		{6B4CDF2C-52AA-339D-8FE3-CE84B522FFE3}.Debug|Win32.Build.0 = Debug|Win32
		{6B4CDF2C-52AA-339D-8FE3-CE84B522FFE3}.MinSizeRel|Win32.ActiveCfg = MinSizeRel|Win32
		{6B4CDF2C-52AA-339D-8FE3-CE84B522FFE3}.MinSizeRel|Win32.Build.0 = MinSizeRel|Win32
		{6B4CDF2C-52AA-339D-8FE3-CE84B522FFE3}.Release|Win32.ActiveCfg = Release|Win32
		{6B4CDF2C-52AA-339D-8FE3-CE84B522FFE3}.Release|Win32.Build.0 = Release|Win32
		{6B4CDF2C-52AA-339D-8FE3-CE84B522FFE3}.RelWithDebInfo|Win32.ActiveCfg = RelWithDebInfo|Win32
		{6B4CDF2C-52AA-339D-8FE3-CE84B522FFE3}.RelWithDebInfo|Win32.Build.0 = RelWithDebInfo|Win32
		{3E73FC3A-9EFD-3878-8EC3-877669CD2128}.Debug|Win32.ActiveCfg = Debug|Win32
		{3E73FC3A-9EFD-3878-8EC3-877669CD2128}.Debug|Win32.Build.0 = Debug|Win32
		{3E73FC3A-9EFD-3878-8EC3-877669CD2128}.MinSizeRel|Win32.ActiveCfg = MinSizeRel|Win32
		{3E73FC3A-9EFD-3878-8EC3-877669CD2128}.MinSizeRel|Win32.Build.0 = MinSizeRel|Win32
		{3E73FC3A-9EFD-3878-8EC3-877669CD2128}.Release|Win32.ActiveCfg = Release|Win32
		{3E73FC3A-9EFD-3878-8EC3-877669CD2128}.Release|Win32.Build.0 = Release|Win32
		{3E73FC3A-9EFD-3878-8EC3-877669CD2128}.RelWithDebInfo|Win32.ActiveCfg = RelWithDebInfo|Win32
		{3E73FC3A-9EFD-3878-8EC3-877669CD2128}.RelWithDebInfo|Win32.Build.0 = RelWithDebInfo|Win32
		{25746C2C-77E1-30C7-9721-36E6489B9C82}.Debug|Win32.ActiveCfg = Debug|Win32
		{25746C2C-77E1-30C7-9721-36E6489B9C82}.Debug|Win32.Build.0 = Debug|Win32
		{25746C2C-77E1-30C7-9721-36E6489B9C82}.MinSizeRel|Win32.ActiveCfg = MinSizeRel|Win32
		{25746C2C-77E1-30C7-9721-36E6489B9C82}.MinSizeRel|Win32.Build.0 = MinSizeRel|Win32
		{25746C2C-77E1-30C7-9721-36E6489B9C82}.Release|Win32.ActiveCfg = Release|Win32
		{25746C2C-77E1-30C7-9721-36E6489B9C82}.Release|Win32.Build.0 = Release|Win32
		{25746C2C-77E1-30C7-9721-36E6489B9C82}.RelWithDebInfo|Win32.ActiveCfg = RelWithDebInfo|Win32
		{25746C2C-77E1-30C7-9721-36E6489B9C82}.RelWithDebInfo|Win32.Build.0 = RelWithDebInfo|Win32
		{F6960170-3343-35E5-A038-C989B5CAD738}.Debug|Win32.ActiveCfg = Debug|Win32
		{F6960170-3343-35E5-A038-C989B5CAD738}.Debug|Win32.Build.0 = Debug|Win32
		{F6960170-3343-35E5-A038-C989B5CAD738}.MinSizeRel|Win32.ActiveCfg = MinSizeRel|Win32
		{F6960170-3343-35E5-A038-C989B5CAD738}.MinSizeRel|Win32.Build.0 = MinSizeRel|Win32
		{F6960170-3343-35E5-A038-C989B5CAD738}.Release|Win32.ActiveCfg = Release|Win32
		{F6960170-3343-35E5-A038-C989B5CAD738}.Release|Win32.Build.0 = Release|Win32
		{F6960170-3343-35E5-A038-C989B5CAD738}.RelWithDebInfo|Win32.ActiveCfg = RelWithDebInfo|Win32
		{F6960170-3343-35E5-A038-C989B5CAD738}.RelWithDebInfo|Win32.Build.0 = RelWithDebInfo|Win32
		{F54F9037-60C4-3E9D-93E2-58D87C816A25}.Debug|Win32.ActiveCfg = Debug|Win32
		{F54F9037-60C4-3E9D-93E2-58D87C816A25}.Debug|Win32.Build.0 = Debug|Win32
		{F54F9037-60C4-3E9D-93E2-58D87C816A25}.MinSizeRel|Win32.ActiveCfg = MinSizeRel|Win32
		{F54F9037-60C4-3E9D-93E2-58D87C816A25}.MinSizeRel|Win32.Build.0 = MinSizeRel|Win32
		{F54F9037-60C4-3E9D-93E2-58D87C816A25}.Release|Win32.ActiveCfg = Release|Win32
		{F54F9037-60C4-3E9D-93E2-58D87C816A25}.Release|Win32.Build.0 = Release|Win32
		{F54F9037-60C4-3E9D-93E2-58D87C816A25}.RelWithDebInfo|Win32.ActiveCfg = RelWithDebInfo|Win32
		{F54F9037-60C4-3E9D-93E2-58D87C816A25}.RelWithDebInfo|Win32.Build.0 = RelWithDebInfo|Win32
		{CD9F1759-7EA7-33F7-ACCA-5D2F8CB91FDB}.Debug|Win32.ActiveCfg = Debug|Win32
		{CD9F1759-7EA7-33F7-ACCA-5D2F8CB91FDB}.Debug|Win32.Build.0 = Debug|Win32
		{CD9F1759-7EA7-33F7-ACCA-5D2F8CB91FDB}.MinSizeRel|Win32.ActiveCfg = MinSizeRel|Win32
		{CD9F1759-7EA7-33F7-ACCA-5D2F8CB91FDB}.MinSizeRel|Win32.Build.0 = MinSizeRel|Win32
		{CD9F1759-7EA7-33F7-ACCA-5D2F8CB91FDB}.Release|Win32.ActiveCfg = Release|Win32
		{CD9F1759-7EA7-33F7-ACCA-5D2F8CB91FDB}.Release|Win32.Build.0 = Release|Win32
		{CD9F1759-7EA7-33F7-ACCA-5D2F8CB91FDB}.RelWithDebInfo|Win32.ActiveCfg = RelWithDebInfo|Win32
		{CD9F1759-7EA7-33F7-ACCA-5D2F8CB91FDB}.RelWithDebInfo|Win32.Build.0 = RelWithDebInfo|Win32
		{407BFE75-6AB4-3765-9101-A2CA8F5960F5}.Debug|Win32.ActiveCfg = Debug|Win32
		{407BFE75-6AB4-3765-9101-A2CA8F5960F5}.Debug|Win32.Build.0 = Debug|Win32
		{407BFE75-6AB4-3765-9101-A2CA8F5960F5}.MinSizeRel|Win32.ActiveCfg = MinSizeRel|Win32
		{407BFE75-6AB4-3765-9101-A2CA8F5960F5}.MinSizeRel|Win32.Build.0 = MinSizeRel|Win32
		{407BFE75-6AB4-3765-9101-A2CA8F5960F5}.Release|Win32.ActiveCfg = Release|Win32
		{407BFE75-6AB4-3765-9101-A2CA8F5960F5}.Release|Win32.Build.0 = Release|Win32
		{407BFE75-6AB4-3765-9101-A2CA8F5960F5}.RelWithDebInfo|Win32.ActiveCfg = RelWithDebInfo|Win32
		{407BFE75-6AB4-3765-9101-A2CA8F5960F5}.RelWithDebInfo|Win32.Build.0 = RelWithDebInfo|Win32
	EndGlobalSection
	GlobalSection(SolutionProperties) = preSolution
		HideSolutionNode = FALSE
	EndGlobalSection
EndGlobal
