Microsoft Visual Studio Solution File, Format Version 9.00
# Visual Studio 2005
Project("{8BC9CEB8-8B4A-11D0-8D11-00A0C91BC942}") = "ALL_BUILD", "ALL_BUILD.vcproj", "{D8497EDA-B0A6-34AB-85C9-17289710CAEA}"
	ProjectSection(ProjectDependencies) = postProject
		{0F3C0525-0488-3D7F-86A8-91D72D8F57D7} = {0F3C0525-0488-3D7F-86A8-91D72D8F57D7}
		{4DC6BF37-DEE8-3021-8DE8-88F7FA399FE9} = {4DC6BF37-DEE8-3021-8DE8-88F7FA399FE9}
		{63568759-AF50-3202-B708-2F545DDB3BB7} = {63568759-AF50-3202-B708-2F545DDB3BB7}
		{92228C5E-7F67-3822-BFDC-CD6BE9EF9402} = {92228C5E-7F67-3822-BFDC-CD6BE9EF9402}
		{7FE1577A-0338-35A1-B16D-98640B834BC1} = {7FE1577A-0338-35A1-B16D-98640B834BC1}
		{910950B0-75C5-332A-B5DD-BA31C926A2F6} = {910950B0-75C5-332A-B5DD-BA31C926A2F6}
		{143B6DD7-9857-3150-9E00-FACDDD78D2D7} = {143B6DD7-9857-3150-9E00-FACDDD78D2D7}
		{898807EF-A676-3754-BA32-4AB5B65AD601} = {898807EF-A676-3754-BA32-4AB5B65AD601}
		{2E3EF5F9-2F80-392D-BD8A-2C6A268B7C23} = {2E3EF5F9-2F80-392D-BD8A-2C6A268B7C23}
	EndProjectSection
EndProject
Project("{8BC9CEB8-8B4A-11D0-8D11-00A0C91BC942}") = "INSTALL", "INSTALL.vcproj", "{9BC2CBF6-DD70-33F1-B8BF-F2FC8B491BB0}"
	ProjectSection(ProjectDependencies) = postProject
		{D8497EDA-B0A6-34AB-85C9-17289710CAEA} = {D8497EDA-B0A6-34AB-85C9-17289710CAEA}
	EndProjectSection
EndProject
Project("{8BC9CEB8-8B4A-11D0-8D11-00A0C91BC942}") = "PACKAGE", "PACKAGE.vcproj", "{BD6CE560-0046-3629-8B47-D38EC64ED0C5}"
	ProjectSection(ProjectDependencies) = postProject
		{D8497EDA-B0A6-34AB-85C9-17289710CAEA} = {D8497EDA-B0A6-34AB-85C9-17289710CAEA}
	EndProjectSection
EndProject
Project("{8BC9CEB8-8B4A-11D0-8D11-00A0C91BC942}") = "png", "png.vcproj", "{63568759-AF50-3202-B708-2F545DDB3BB7}"
	ProjectSection(ProjectDependencies) = postProject
		{407BFE75-6AB4-3765-9101-A2CA8F5960F5} = {407BFE75-6AB4-3765-9101-A2CA8F5960F5}
	EndProjectSection
EndProject
Project("{8BC9CEB8-8B4A-11D0-8D11-00A0C91BC942}") = "png-fix-itxt", "png-fix-itxt.vcproj", "{910950B0-75C5-332A-B5DD-BA31C926A2F6}"
	ProjectSection(ProjectDependencies) = postProject
		{407BFE75-6AB4-3765-9101-A2CA8F5960F5} = {407BFE75-6AB4-3765-9101-A2CA8F5960F5}
	EndProjectSection
EndProject
Project("{8BC9CEB8-8B4A-11D0-8D11-00A0C91BC942}") = "png_static", "png_static.vcproj", "{2E3EF5F9-2F80-392D-BD8A-2C6A268B7C23}"
	ProjectSection(ProjectDependencies) = postProject
		{407BFE75-6AB4-3765-9101-A2CA8F5960F5} = {407BFE75-6AB4-3765-9101-A2CA8F5960F5}
	EndProjectSection
EndProject
Project("{8BC9CEB8-8B4A-11D0-8D11-00A0C91BC942}") = "pngfix", "pngfix.vcproj", "{7FE1577A-0338-35A1-B16D-98640B834BC1}"
	ProjectSection(ProjectDependencies) = postProject
		{63568759-AF50-3202-B708-2F545DDB3BB7} = {63568759-AF50-3202-B708-2F545DDB3BB7}
		{407BFE75-6AB4-3765-9101-A2CA8F5960F5} = {407BFE75-6AB4-3765-9101-A2CA8F5960F5}
	EndProjectSection
EndProject
Project("{8BC9CEB8-8B4A-11D0-8D11-00A0C91BC942}") = "pngimage", "pngimage.vcproj", "{0F3C0525-0488-3D7F-86A8-91D72D8F57D7}"
	ProjectSection(ProjectDependencies) = postProject
		{63568759-AF50-3202-B708-2F545DDB3BB7} = {63568759-AF50-3202-B708-2F545DDB3BB7}
		{407BFE75-6AB4-3765-9101-A2CA8F5960F5} = {407BFE75-6AB4-3765-9101-A2CA8F5960F5}
	EndProjectSection
EndProject
Project("{8BC9CEB8-8B4A-11D0-8D11-00A0C91BC942}") = "pngstest", "pngstest.vcproj", "{4DC6BF37-DEE8-3021-8DE8-88F7FA399FE9}"
	ProjectSection(ProjectDependencies) = postProject
		{63568759-AF50-3202-B708-2F545DDB3BB7} = {63568759-AF50-3202-B708-2F545DDB3BB7}
		{407BFE75-6AB4-3765-9101-A2CA8F5960F5} = {407BFE75-6AB4-3765-9101-A2CA8F5960F5}
	EndProjectSection
EndProject
Project("{8BC9CEB8-8B4A-11D0-8D11-00A0C91BC942}") = "pngtest", "pngtest.vcproj", "{143B6DD7-9857-3150-9E00-FACDDD78D2D7}"
	ProjectSection(ProjectDependencies) = postProject
		{63568759-AF50-3202-B708-2F545DDB3BB7} = {63568759-AF50-3202-B708-2F545DDB3BB7}
		{407BFE75-6AB4-3765-9101-A2CA8F5960F5} = {407BFE75-6AB4-3765-9101-A2CA8F5960F5}
	EndProjectSection
EndProject
Project("{8BC9CEB8-8B4A-11D0-8D11-00A0C91BC942}") = "pngunknown", "pngunknown.vcproj", "{92228C5E-7F67-3822-BFDC-CD6BE9EF9402}"
	ProjectSection(ProjectDependencies) = postProject
		{63568759-AF50-3202-B708-2F545DDB3BB7} = {63568759-AF50-3202-B708-2F545DDB3BB7}
		{407BFE75-6AB4-3765-9101-A2CA8F5960F5} = {407BFE75-6AB4-3765-9101-A2CA8F5960F5}
	EndProjectSection
EndProject
Project("{8BC9CEB8-8B4A-11D0-8D11-00A0C91BC942}") = "pngvalid", "pngvalid.vcproj", "{898807EF-A676-3754-BA32-4AB5B65AD601}"
	ProjectSection(ProjectDependencies) = postProject
		{63568759-AF50-3202-B708-2F545DDB3BB7} = {63568759-AF50-3202-B708-2F545DDB3BB7}
		{407BFE75-6AB4-3765-9101-A2CA8F5960F5} = {407BFE75-6AB4-3765-9101-A2CA8F5960F5}
	EndProjectSection
EndProject
Project("{8BC9CEB8-8B4A-11D0-8D11-00A0C91BC942}") = "zlibstatic", "..\zlib\zlibstatic.vcproj", "{407BFE75-6AB4-3765-9101-A2CA8F5960F5}"
EndProject
Global
	GlobalSection(SolutionConfigurationPlatforms) = preSolution
		Debug|Win32 = Debug|Win32
		MinSizeRel|Win32 = MinSizeRel|Win32
		Release|Win32 = Release|Win32
		RelWithDebInfo|Win32 = RelWithDebInfo|Win32
	EndGlobalSection
	GlobalSection(ProjectConfigurationPlatforms) = postSolution
		{D8497EDA-B0A6-34AB-85C9-17289710CAEA}.Debug|Win32.ActiveCfg = Debug|Win32
		{D8497EDA-B0A6-34AB-85C9-17289710CAEA}.Debug|Win32.Build.0 = Debug|Win32
		{D8497EDA-B0A6-34AB-85C9-17289710CAEA}.MinSizeRel|Win32.ActiveCfg = MinSizeRel|Win32
		{D8497EDA-B0A6-34AB-85C9-17289710CAEA}.MinSizeRel|Win32.Build.0 = MinSizeRel|Win32
		{D8497EDA-B0A6-34AB-85C9-17289710CAEA}.Release|Win32.ActiveCfg = Release|Win32
		{D8497EDA-B0A6-34AB-85C9-17289710CAEA}.Release|Win32.Build.0 = Release|Win32
		{D8497EDA-B0A6-34AB-85C9-17289710CAEA}.RelWithDebInfo|Win32.ActiveCfg = RelWithDebInfo|Win32
		{D8497EDA-B0A6-34AB-85C9-17289710CAEA}.RelWithDebInfo|Win32.Build.0 = RelWithDebInfo|Win32
		{9BC2CBF6-DD70-33F1-B8BF-F2FC8B491BB0}.Debug|Win32.ActiveCfg = Debug|Win32
		{9BC2CBF6-DD70-33F1-B8BF-F2FC8B491BB0}.MinSizeRel|Win32.ActiveCfg = MinSizeRel|Win32
		{9BC2CBF6-DD70-33F1-B8BF-F2FC8B491BB0}.Release|Win32.ActiveCfg = Release|Win32
		{9BC2CBF6-DD70-33F1-B8BF-F2FC8B491BB0}.RelWithDebInfo|Win32.ActiveCfg = RelWithDebInfo|Win32
		{BD6CE560-0046-3629-8B47-D38EC64ED0C5}.Debug|Win32.ActiveCfg = Debug|Win32
		{BD6CE560-0046-3629-8B47-D38EC64ED0C5}.MinSizeRel|Win32.ActiveCfg = MinSizeRel|Win32
		{BD6CE560-0046-3629-8B47-D38EC64ED0C5}.Release|Win32.ActiveCfg = Release|Win32
		{BD6CE560-0046-3629-8B47-D38EC64ED0C5}.RelWithDebInfo|Win32.ActiveCfg = RelWithDebInfo|Win32
		{63568759-AF50-3202-B708-2F545DDB3BB7}.Debug|Win32.ActiveCfg = Debug|Win32
		{63568759-AF50-3202-B708-2F545DDB3BB7}.Debug|Win32.Build.0 = Debug|Win32
		{63568759-AF50-3202-B708-2F545DDB3BB7}.MinSizeRel|Win32.ActiveCfg = MinSizeRel|Win32
		{63568759-AF50-3202-B708-2F545DDB3BB7}.MinSizeRel|Win32.Build.0 = MinSizeRel|Win32
		{63568759-AF50-3202-B708-2F545DDB3BB7}.Release|Win32.ActiveCfg = Release|Win32
		{63568759-AF50-3202-B708-2F545DDB3BB7}.Release|Win32.Build.0 = Release|Win32
		{63568759-AF50-3202-B708-2F545DDB3BB7}.RelWithDebInfo|Win32.ActiveCfg = RelWithDebInfo|Win32
		{63568759-AF50-3202-B708-2F545DDB3BB7}.RelWithDebInfo|Win32.Build.0 = RelWithDebInfo|Win32
		{910950B0-75C5-332A-B5DD-BA31C926A2F6}.Debug|Win32.ActiveCfg = Debug|Win32
		{910950B0-75C5-332A-B5DD-BA31C926A2F6}.Debug|Win32.Build.0 = Debug|Win32
		{910950B0-75C5-332A-B5DD-BA31C926A2F6}.MinSizeRel|Win32.ActiveCfg = MinSizeRel|Win32
		{910950B0-75C5-332A-B5DD-BA31C926A2F6}.MinSizeRel|Win32.Build.0 = MinSizeRel|Win32
		{910950B0-75C5-332A-B5DD-BA31C926A2F6}.Release|Win32.ActiveCfg = Release|Win32
		{910950B0-75C5-332A-B5DD-BA31C926A2F6}.Release|Win32.Build.0 = Release|Win32
		{910950B0-75C5-332A-B5DD-BA31C926A2F6}.RelWithDebInfo|Win32.ActiveCfg = RelWithDebInfo|Win32
		{910950B0-75C5-332A-B5DD-BA31C926A2F6}.RelWithDebInfo|Win32.Build.0 = RelWithDebInfo|Win32
		{2E3EF5F9-2F80-392D-BD8A-2C6A268B7C23}.Debug|Win32.ActiveCfg = Debug|Win32
		{2E3EF5F9-2F80-392D-BD8A-2C6A268B7C23}.Debug|Win32.Build.0 = Debug|Win32
		{2E3EF5F9-2F80-392D-BD8A-2C6A268B7C23}.MinSizeRel|Win32.ActiveCfg = MinSizeRel|Win32
		{2E3EF5F9-2F80-392D-BD8A-2C6A268B7C23}.MinSizeRel|Win32.Build.0 = MinSizeRel|Win32
		{2E3EF5F9-2F80-392D-BD8A-2C6A268B7C23}.Release|Win32.ActiveCfg = Release|Win32
		{2E3EF5F9-2F80-392D-BD8A-2C6A268B7C23}.Release|Win32.Build.0 = Release|Win32
		{2E3EF5F9-2F80-392D-BD8A-2C6A268B7C23}.RelWithDebInfo|Win32.ActiveCfg = RelWithDebInfo|Win32
		{2E3EF5F9-2F80-392D-BD8A-2C6A268B7C23}.RelWithDebInfo|Win32.Build.0 = RelWithDebInfo|Win32
		{7FE1577A-0338-35A1-B16D-98640B834BC1}.Debug|Win32.ActiveCfg = Debug|Win32
		{7FE1577A-0338-35A1-B16D-98640B834BC1}.Debug|Win32.Build.0 = Debug|Win32
		{7FE1577A-0338-35A1-B16D-98640B834BC1}.MinSizeRel|Win32.ActiveCfg = MinSizeRel|Win32
		{7FE1577A-0338-35A1-B16D-98640B834BC1}.MinSizeRel|Win32.Build.0 = MinSizeRel|Win32
		{7FE1577A-0338-35A1-B16D-98640B834BC1}.Release|Win32.ActiveCfg = Release|Win32
		{7FE1577A-0338-35A1-B16D-98640B834BC1}.Release|Win32.Build.0 = Release|Win32
		{7FE1577A-0338-35A1-B16D-98640B834BC1}.RelWithDebInfo|Win32.ActiveCfg = RelWithDebInfo|Win32
		{7FE1577A-0338-35A1-B16D-98640B834BC1}.RelWithDebInfo|Win32.Build.0 = RelWithDebInfo|Win32
		{0F3C0525-0488-3D7F-86A8-91D72D8F57D7}.Debug|Win32.ActiveCfg = Debug|Win32
		{0F3C0525-0488-3D7F-86A8-91D72D8F57D7}.Debug|Win32.Build.0 = Debug|Win32
		{0F3C0525-0488-3D7F-86A8-91D72D8F57D7}.MinSizeRel|Win32.ActiveCfg = MinSizeRel|Win32
		{0F3C0525-0488-3D7F-86A8-91D72D8F57D7}.MinSizeRel|Win32.Build.0 = MinSizeRel|Win32
		{0F3C0525-0488-3D7F-86A8-91D72D8F57D7}.Release|Win32.ActiveCfg = Release|Win32
		{0F3C0525-0488-3D7F-86A8-91D72D8F57D7}.Release|Win32.Build.0 = Release|Win32
		{0F3C0525-0488-3D7F-86A8-91D72D8F57D7}.RelWithDebInfo|Win32.ActiveCfg = RelWithDebInfo|Win32
		{0F3C0525-0488-3D7F-86A8-91D72D8F57D7}.RelWithDebInfo|Win32.Build.0 = RelWithDebInfo|Win32
		{4DC6BF37-DEE8-3021-8DE8-88F7FA399FE9}.Debug|Win32.ActiveCfg = Debug|Win32
		{4DC6BF37-DEE8-3021-8DE8-88F7FA399FE9}.Debug|Win32.Build.0 = Debug|Win32
		{4DC6BF37-DEE8-3021-8DE8-88F7FA399FE9}.MinSizeRel|Win32.ActiveCfg = MinSizeRel|Win32
		{4DC6BF37-DEE8-3021-8DE8-88F7FA399FE9}.MinSizeRel|Win32.Build.0 = MinSizeRel|Win32
		{4DC6BF37-DEE8-3021-8DE8-88F7FA399FE9}.Release|Win32.ActiveCfg = Release|Win32
		{4DC6BF37-DEE8-3021-8DE8-88F7FA399FE9}.Release|Win32.Build.0 = Release|Win32
		{4DC6BF37-DEE8-3021-8DE8-88F7FA399FE9}.RelWithDebInfo|Win32.ActiveCfg = RelWithDebInfo|Win32
		{4DC6BF37-DEE8-3021-8DE8-88F7FA399FE9}.RelWithDebInfo|Win32.Build.0 = RelWithDebInfo|Win32
		{143B6DD7-9857-3150-9E00-FACDDD78D2D7}.Debug|Win32.ActiveCfg = Debug|Win32
		{143B6DD7-9857-3150-9E00-FACDDD78D2D7}.Debug|Win32.Build.0 = Debug|Win32
		{143B6DD7-9857-3150-9E00-FACDDD78D2D7}.MinSizeRel|Win32.ActiveCfg = MinSizeRel|Win32
		{143B6DD7-9857-3150-9E00-FACDDD78D2D7}.MinSizeRel|Win32.Build.0 = MinSizeRel|Win32
		{143B6DD7-9857-3150-9E00-FACDDD78D2D7}.Release|Win32.ActiveCfg = Release|Win32
		{143B6DD7-9857-3150-9E00-FACDDD78D2D7}.Release|Win32.Build.0 = Release|Win32
		{143B6DD7-9857-3150-9E00-FACDDD78D2D7}.RelWithDebInfo|Win32.ActiveCfg = RelWithDebInfo|Win32
		{143B6DD7-9857-3150-9E00-FACDDD78D2D7}.RelWithDebInfo|Win32.Build.0 = RelWithDebInfo|Win32
		{92228C5E-7F67-3822-BFDC-CD6BE9EF9402}.Debug|Win32.ActiveCfg = Debug|Win32
		{92228C5E-7F67-3822-BFDC-CD6BE9EF9402}.Debug|Win32.Build.0 = Debug|Win32
		{92228C5E-7F67-3822-BFDC-CD6BE9EF9402}.MinSizeRel|Win32.ActiveCfg = MinSizeRel|Win32
		{92228C5E-7F67-3822-BFDC-CD6BE9EF9402}.MinSizeRel|Win32.Build.0 = MinSizeRel|Win32
		{92228C5E-7F67-3822-BFDC-CD6BE9EF9402}.Release|Win32.ActiveCfg = Release|Win32
		{92228C5E-7F67-3822-BFDC-CD6BE9EF9402}.Release|Win32.Build.0 = Release|Win32
		{92228C5E-7F67-3822-BFDC-CD6BE9EF9402}.RelWithDebInfo|Win32.ActiveCfg = RelWithDebInfo|Win32
		{92228C5E-7F67-3822-BFDC-CD6BE9EF9402}.RelWithDebInfo|Win32.Build.0 = RelWithDebInfo|Win32
		{898807EF-A676-3754-BA32-4AB5B65AD601}.Debug|Win32.ActiveCfg = Debug|Win32
		{898807EF-A676-3754-BA32-4AB5B65AD601}.Debug|Win32.Build.0 = Debug|Win32
		{898807EF-A676-3754-BA32-4AB5B65AD601}.MinSizeRel|Win32.ActiveCfg = MinSizeRel|Win32
		{898807EF-A676-3754-BA32-4AB5B65AD601}.MinSizeRel|Win32.Build.0 = MinSizeRel|Win32
		{898807EF-A676-3754-BA32-4AB5B65AD601}.Release|Win32.ActiveCfg = Release|Win32
		{898807EF-A676-3754-BA32-4AB5B65AD601}.Release|Win32.Build.0 = Release|Win32
		{898807EF-A676-3754-BA32-4AB5B65AD601}.RelWithDebInfo|Win32.ActiveCfg = RelWithDebInfo|Win32
		{898807EF-A676-3754-BA32-4AB5B65AD601}.RelWithDebInfo|Win32.Build.0 = RelWithDebInfo|Win32
		{407BFE75-6AB4-3765-9101-A2CA8F5960F5}.Debug|Win32.ActiveCfg = Debug|Win32
		{407BFE75-6AB4-3765-9101-A2CA8F5960F5}.Debug|Win32.Build.0 = Debug|Win32
		{407BFE75-6AB4-3765-9101-A2CA8F5960F5}.MinSizeRel|Win32.ActiveCfg = MinSizeRel|Win32
		{407BFE75-6AB4-3765-9101-A2CA8F5960F5}.MinSizeRel|Win32.Build.0 = MinSizeRel|Win32
		{407BFE75-6AB4-3765-9101-A2CA8F5960F5}.Release|Win32.ActiveCfg = Release|Win32
		{407BFE75-6AB4-3765-9101-A2CA8F5960F5}.Release|Win32.Build.0 = Release|Win32
		{407BFE75-6AB4-3765-9101-A2CA8F5960F5}.RelWithDebInfo|Win32.ActiveCfg = RelWithDebInfo|Win32
		{407BFE75-6AB4-3765-9101-A2CA8F5960F5}.RelWithDebInfo|Win32.Build.0 = RelWithDebInfo|Win32
	EndGlobalSection
	GlobalSection(SolutionProperties) = preSolution
		HideSolutionNode = FALSE
	EndGlobalSection
EndGlobal
