Microsoft Visual Studio Solution File, Format Version 9.00
# Visual Studio 2005
Project("{8BC9CEB8-8B4A-11D0-8D11-00A0C91BC942}") = "ALL_BUILD", "ALL_BUILD.vcproj", "{D8497EDA-B0A6-34AB-85C9-17289710CAEA}"
	ProjectSection(ProjectDependencies) = postProject
		{3E73FC3A-9EFD-3878-8EC3-877669CD2128} = {3E73FC3A-9EFD-3878-8EC3-877669CD2128}
	EndProjectSection
EndProject
Project("{8BC9CEB8-8B4A-11D0-8D11-00A0C91BC942}") = "INSTALL", "INSTALL.vcproj", "{9BC2CBF6-DD70-33F1-B8BF-F2FC8B491BB0}"
	ProjectSection(ProjectDependencies) = postProject
		{D8497EDA-B0A6-34AB-85C9-17289710CAEA} = {D8497EDA-B0A6-34AB-85C9-17289710CAEA}
	EndProjectSection
EndProject
Project("{8BC9CEB8-8B4A-11D0-8D11-00A0C91BC942}") = "PACKAGE", "PACKAGE.vcproj", "{BD6CE560-0046-3629-8B47-D38EC64ED0C5}"
	ProjectSection(ProjectDependencies) = postProject
		{D8497EDA-B0A6-34AB-85C9-17289710CAEA} = {D8497EDA-B0A6-34AB-85C9-17289710CAEA}
	EndProjectSection
EndProject
Project("{8BC9CEB8-8B4A-11D0-8D11-00A0C91BC942}") = "ZERO_CHECK", "..\..\\ZERO_CHECK.vcproj", "{57FC1F41-B05A-3FFD-A109-37169B1398CC}"
	ProjectSection(ProjectDependencies) = postProject
	EndProjectSection
EndProject
Project("{8BC9CEB8-8B4A-11D0-8D11-00A0C91BC942}") = "dist", "dist.vcproj", "{8F369469-1146-34B8-A975-C477D3B62212}"
	ProjectSection(ProjectDependencies) = postProject
		{57FC1F41-B05A-3FFD-A109-37169B1398CC} = {57FC1F41-B05A-3FFD-A109-37169B1398CC}
	EndProjectSection
EndProject
Project("{8BC9CEB8-8B4A-11D0-8D11-00A0C91BC942}") = "freetype", "freetype.vcproj", "{3E73FC3A-9EFD-3878-8EC3-877669CD2128}"
	ProjectSection(ProjectDependencies) = postProject
		{57FC1F41-B05A-3FFD-A109-37169B1398CC} = {57FC1F41-B05A-3FFD-A109-37169B1398CC}
	EndProjectSection
EndProject
Global
	GlobalSection(SolutionConfigurationPlatforms) = preSolution
		Debug|Win32 = Debug|Win32
		Release|Win32 = Release|Win32
		MinSizeRel|Win32 = MinSizeRel|Win32
		RelWithDebInfo|Win32 = RelWithDebInfo|Win32
	EndGlobalSection
	GlobalSection(ProjectConfigurationPlatforms) = postSolution
		{D8497EDA-B0A6-34AB-85C9-17289710CAEA}.Debug|Win32.ActiveCfg = Debug|Win32
		{D8497EDA-B0A6-34AB-85C9-17289710CAEA}.Debug|Win32.Build.0 = Debug|Win32
		{D8497EDA-B0A6-34AB-85C9-17289710CAEA}.Release|Win32.ActiveCfg = Release|Win32
		{D8497EDA-B0A6-34AB-85C9-17289710CAEA}.Release|Win32.Build.0 = Release|Win32
		{D8497EDA-B0A6-34AB-85C9-17289710CAEA}.MinSizeRel|Win32.ActiveCfg = MinSizeRel|Win32
		{D8497EDA-B0A6-34AB-85C9-17289710CAEA}.MinSizeRel|Win32.Build.0 = MinSizeRel|Win32
		{D8497EDA-B0A6-34AB-85C9-17289710CAEA}.RelWithDebInfo|Win32.ActiveCfg = RelWithDebInfo|Win32
		{D8497EDA-B0A6-34AB-85C9-17289710CAEA}.RelWithDebInfo|Win32.Build.0 = RelWithDebInfo|Win32
		{9BC2CBF6-DD70-33F1-B8BF-F2FC8B491BB0}.Debug|Win32.ActiveCfg = Debug|Win32
		{9BC2CBF6-DD70-33F1-B8BF-F2FC8B491BB0}.Release|Win32.ActiveCfg = Release|Win32
		{9BC2CBF6-DD70-33F1-B8BF-F2FC8B491BB0}.MinSizeRel|Win32.ActiveCfg = MinSizeRel|Win32
		{9BC2CBF6-DD70-33F1-B8BF-F2FC8B491BB0}.RelWithDebInfo|Win32.ActiveCfg = RelWithDebInfo|Win32
		{BD6CE560-0046-3629-8B47-D38EC64ED0C5}.Debug|Win32.ActiveCfg = Debug|Win32
		{BD6CE560-0046-3629-8B47-D38EC64ED0C5}.Release|Win32.ActiveCfg = Release|Win32
		{BD6CE560-0046-3629-8B47-D38EC64ED0C5}.MinSizeRel|Win32.ActiveCfg = MinSizeRel|Win32
		{BD6CE560-0046-3629-8B47-D38EC64ED0C5}.RelWithDebInfo|Win32.ActiveCfg = RelWithDebInfo|Win32
		{57FC1F41-B05A-3FFD-A109-37169B1398CC}.Debug|Win32.ActiveCfg = Debug|Win32
		{57FC1F41-B05A-3FFD-A109-37169B1398CC}.Debug|Win32.Build.0 = Debug|Win32
		{57FC1F41-B05A-3FFD-A109-37169B1398CC}.Release|Win32.ActiveCfg = Release|Win32
		{57FC1F41-B05A-3FFD-A109-37169B1398CC}.Release|Win32.Build.0 = Release|Win32
		{57FC1F41-B05A-3FFD-A109-37169B1398CC}.MinSizeRel|Win32.ActiveCfg = MinSizeRel|Win32
		{57FC1F41-B05A-3FFD-A109-37169B1398CC}.MinSizeRel|Win32.Build.0 = MinSizeRel|Win32
		{57FC1F41-B05A-3FFD-A109-37169B1398CC}.RelWithDebInfo|Win32.ActiveCfg = RelWithDebInfo|Win32
		{57FC1F41-B05A-3FFD-A109-37169B1398CC}.RelWithDebInfo|Win32.Build.0 = RelWithDebInfo|Win32
		{8F369469-1146-34B8-A975-C477D3B62212}.Debug|Win32.ActiveCfg = Debug|Win32
		{8F369469-1146-34B8-A975-C477D3B62212}.Release|Win32.ActiveCfg = Release|Win32
		{8F369469-1146-34B8-A975-C477D3B62212}.MinSizeRel|Win32.ActiveCfg = MinSizeRel|Win32
		{8F369469-1146-34B8-A975-C477D3B62212}.RelWithDebInfo|Win32.ActiveCfg = RelWithDebInfo|Win32
		{3E73FC3A-9EFD-3878-8EC3-877669CD2128}.Debug|Win32.ActiveCfg = Debug|Win32
		{3E73FC3A-9EFD-3878-8EC3-877669CD2128}.Debug|Win32.Build.0 = Debug|Win32
		{3E73FC3A-9EFD-3878-8EC3-877669CD2128}.Release|Win32.ActiveCfg = Release|Win32
		{3E73FC3A-9EFD-3878-8EC3-877669CD2128}.Release|Win32.Build.0 = Release|Win32
		{3E73FC3A-9EFD-3878-8EC3-877669CD2128}.MinSizeRel|Win32.ActiveCfg = MinSizeRel|Win32
		{3E73FC3A-9EFD-3878-8EC3-877669CD2128}.MinSizeRel|Win32.Build.0 = MinSizeRel|Win32
		{3E73FC3A-9EFD-3878-8EC3-877669CD2128}.RelWithDebInfo|Win32.ActiveCfg = RelWithDebInfo|Win32
		{3E73FC3A-9EFD-3878-8EC3-877669CD2128}.RelWithDebInfo|Win32.Build.0 = RelWithDebInfo|Win32
	EndGlobalSection
	GlobalSection(ExtensibilityGlobals) = postSolution
	EndGlobalSection
	GlobalSection(ExtensibilityAddIns) = postSolution
	EndGlobalSection
EndGlobal
